
Microsoft Visual Studio Solution File, Format Version 12.00
# Visual Studio Version 17
VisualStudioVersion = 17.2.32526.322
MinimumVisualStudioVersion = 10.0.40219.1
Project("{9A19103F-16F7-4668-BE54-9A1E7A4F7556}") = "FilenameEditor", "FilenameEditor\FilenameEditor.csproj", "{DE37CB24-CAC2-4B07-985C-B434BD06D906}"
EndProject
Project("{54435603-DBB4-11D2-8724-00A0C9A8B90C}") = "Setup", "Setup\Setup.vdproj", "{C94E12BB-05EB-47DA-AA28-175944F14D88}"
EndProject
Global
	GlobalSection(SolutionConfigurationPlatforms) = preSolution
		Debug|Any CPU = Debug|Any CPU
		Release|Any CPU = Release|Any CPU
	EndGlobalSection
	GlobalSection(ProjectConfigurationPlatforms) = postSolution
		{DE37CB24-CAC2-4B07-985C-B434BD06D906}.Debug|Any CPU.ActiveCfg = Debug|Any CPU
		{DE37CB24-CAC2-4B07-985C-B434BD06D906}.Debug|Any CPU.Build.0 = Debug|Any CPU
		{DE37CB24-CAC2-4B07-985C-B434BD06D906}.Release|Any CPU.ActiveCfg = Release|Any CPU
		{DE37CB24-CAC2-4B07-985C-B434BD06D906}.Release|Any CPU.Build.0 = Release|Any CPU
		{C94E12BB-05EB-47DA-AA28-175944F14D88}.Debug|Any CPU.ActiveCfg = Debug
		{C94E12BB-05EB-47DA-AA28-175944F14D88}.Release|Any CPU.ActiveCfg = Release
	EndGlobalSection
	GlobalSection(SolutionProperties) = preSolution
		HideSolutionNode = FALSE
	EndGlobalSection
	GlobalSection(ExtensibilityGlobals) = postSolution
		SolutionGuid = {43FA98EC-4F17-4561-A980-17FC7AAC4648}
	EndGlobalSection
EndGlobal
